
Microsoft Visual Studio Solution File, Format Version 12.00
# Visual Studio Version 17
VisualStudioVersion = 17.3.32819.101
MinimumVisualStudioVersion = 10.0.40219.1
Project("{FAE04EC0-301F-11D3-BF4B-00C04F79EFBC}") = "MVC_Authentication_Authorization", "MVC_Authentication_Authorization\MVC_Authentication_Authorization.csproj", "{1A2C7CFB-CC89-4067-92C3-52570EC18FC8}"
EndProject
Global
	GlobalSection(SolutionConfigurationPlatforms) = preSolution
		Debug|Any CPU = Debug|Any CPU
		Release|Any CPU = Release|Any CPU
	EndGlobalSection
	GlobalSection(ProjectConfigurationPlatforms) = postSolution
		{1A2C7CFB-CC89-4067-92C3-52570EC18FC8}.Debug|Any CPU.ActiveCfg = Debug|Any CPU
		{1A2C7CFB-CC89-4067-92C3-52570EC18FC8}.Debug|Any CPU.Build.0 = Debug|Any CPU
		{1A2C7CFB-CC89-4067-92C3-52570EC18FC8}.Release|Any CPU.ActiveCfg = Release|Any CPU
		{1A2C7CFB-CC89-4067-92C3-52570EC18FC8}.Release|Any CPU.Build.0 = Release|Any CPU
	EndGlobalSection
	GlobalSection(SolutionProperties) = preSolution
		HideSolutionNode = FALSE
	EndGlobalSection
	GlobalSection(ExtensibilityGlobals) = postSolution
		SolutionGuid = {7126ACCE-A9D9-4DF5-A86D-C09F0F19C117}
	EndGlobalSection
EndGlobal
