
Microsoft Visual Studio Solution File, Format Version 12.00
# Visual Studio Version 17
VisualStudioVersion = 17.3.32819.101
MinimumVisualStudioVersion = 10.0.40219.1
Project("{FAE04EC0-301F-11D3-BF4B-00C04F79EFBC}") = "MVCCore_EF_LazyLoad", "MVCCore_EF_LazyLoad\MVCCore_EF_LazyLoad.csproj", "{DA65C0F8-657A-43F3-AECA-A23C898CF46F}"
EndProject
Global
	GlobalSection(SolutionConfigurationPlatforms) = preSolution
		Debug|Any CPU = Debug|Any CPU
		Release|Any CPU = Release|Any CPU
	EndGlobalSection
	GlobalSection(ProjectConfigurationPlatforms) = postSolution
		{DA65C0F8-657A-43F3-AECA-A23C898CF46F}.Debug|Any CPU.ActiveCfg = Debug|Any CPU
		{DA65C0F8-657A-43F3-AECA-A23C898CF46F}.Debug|Any CPU.Build.0 = Debug|Any CPU
		{DA65C0F8-657A-43F3-AECA-A23C898CF46F}.Release|Any CPU.ActiveCfg = Release|Any CPU
		{DA65C0F8-657A-43F3-AECA-A23C898CF46F}.Release|Any CPU.Build.0 = Release|Any CPU
	EndGlobalSection
	GlobalSection(SolutionProperties) = preSolution
		HideSolutionNode = FALSE
	EndGlobalSection
	GlobalSection(ExtensibilityGlobals) = postSolution
		SolutionGuid = {B505397D-3AD2-4B8F-8CFB-78AB5163FC59}
	EndGlobalSection
EndGlobal
