
Microsoft Visual Studio Solution File, Format Version 12.00
# Visual Studio Version 17
VisualStudioVersion = 17.3.32825.248
MinimumVisualStudioVersion = 10.0.40219.1
Project("{9A19103F-16F7-4668-BE54-9A1E7A4F7556}") = "EntityFramework_Practice_1", "EntityFramework_Practice_1\EntityFramework_Practice_1.csproj", "{267D0D3E-ABA3-4F58-8060-D3A72820A8B6}"
EndProject
Project("{FAE04EC0-301F-11D3-BF4B-00C04F79EFBC}") = "DataAccessTier", "DataAccessTier\DataAccessTier.csproj", "{B5F3FBB3-D839-45DA-9F07-10EC15EB12D3}"
EndProject
Global
	GlobalSection(SolutionConfigurationPlatforms) = preSolution
		Debug|Any CPU = Debug|Any CPU
		Release|Any CPU = Release|Any CPU
	EndGlobalSection
	GlobalSection(ProjectConfigurationPlatforms) = postSolution
		{267D0D3E-ABA3-4F58-8060-D3A72820A8B6}.Debug|Any CPU.ActiveCfg = Debug|Any CPU
		{267D0D3E-ABA3-4F58-8060-D3A72820A8B6}.Debug|Any CPU.Build.0 = Debug|Any CPU
		{267D0D3E-ABA3-4F58-8060-D3A72820A8B6}.Release|Any CPU.ActiveCfg = Release|Any CPU
		{267D0D3E-ABA3-4F58-8060-D3A72820A8B6}.Release|Any CPU.Build.0 = Release|Any CPU
		{B5F3FBB3-D839-45DA-9F07-10EC15EB12D3}.Debug|Any CPU.ActiveCfg = Debug|Any CPU
		{B5F3FBB3-D839-45DA-9F07-10EC15EB12D3}.Debug|Any CPU.Build.0 = Debug|Any CPU
		{B5F3FBB3-D839-45DA-9F07-10EC15EB12D3}.Release|Any CPU.ActiveCfg = Release|Any CPU
		{B5F3FBB3-D839-45DA-9F07-10EC15EB12D3}.Release|Any CPU.Build.0 = Release|Any CPU
	EndGlobalSection
	GlobalSection(SolutionProperties) = preSolution
		HideSolutionNode = FALSE
	EndGlobalSection
	GlobalSection(ExtensibilityGlobals) = postSolution
		SolutionGuid = {95DF6142-4DC2-4E3B-BE6E-A5E0EED7AA79}
	EndGlobalSection
EndGlobal
