
Microsoft Visual Studio Solution File, Format Version 12.00
# Visual Studio Version 17
VisualStudioVersion = 17.3.32819.101
MinimumVisualStudioVersion = 10.0.40219.1
Project("{FAE04EC0-301F-11D3-BF4B-00C04F79EFBC}") = "MVC_Core_CSS_JS", "MVC_Core_CSS_JS\MVC_Core_CSS_JS.csproj", "{F4539ADC-ACEA-41D8-A119-C37E38234F7D}"
EndProject
Global
	GlobalSection(SolutionConfigurationPlatforms) = preSolution
		Debug|Any CPU = Debug|Any CPU
		Release|Any CPU = Release|Any CPU
	EndGlobalSection
	GlobalSection(ProjectConfigurationPlatforms) = postSolution
		{F4539ADC-ACEA-41D8-A119-C37E38234F7D}.Debug|Any CPU.ActiveCfg = Debug|Any CPU
		{F4539ADC-ACEA-41D8-A119-C37E38234F7D}.Debug|Any CPU.Build.0 = Debug|Any CPU
		{F4539ADC-ACEA-41D8-A119-C37E38234F7D}.Release|Any CPU.ActiveCfg = Release|Any CPU
		{F4539ADC-ACEA-41D8-A119-C37E38234F7D}.Release|Any CPU.Build.0 = Release|Any CPU
	EndGlobalSection
	GlobalSection(SolutionProperties) = preSolution
		HideSolutionNode = FALSE
	EndGlobalSection
	GlobalSection(ExtensibilityGlobals) = postSolution
		SolutionGuid = {6A0F6FF4-2BF8-48E7-B992-7059B03A2D55}
	EndGlobalSection
EndGlobal
