
Microsoft Visual Studio Solution File, Format Version 12.00
# Visual Studio Version 17
VisualStudioVersion = 17.3.32819.101
MinimumVisualStudioVersion = 10.0.40219.1
Project("{FAE04EC0-301F-11D3-BF4B-00C04F79EFBC}") = "MVC_Core_With_BSTemplate", "MVC_Core_With_BSTemplate\MVC_Core_With_BSTemplate.csproj", "{7766E116-1DBB-411B-B2FF-F49C4B21FF32}"
EndProject
Global
	GlobalSection(SolutionConfigurationPlatforms) = preSolution
		Debug|Any CPU = Debug|Any CPU
		Release|Any CPU = Release|Any CPU
	EndGlobalSection
	GlobalSection(ProjectConfigurationPlatforms) = postSolution
		{7766E116-1DBB-411B-B2FF-F49C4B21FF32}.Debug|Any CPU.ActiveCfg = Debug|Any CPU
		{7766E116-1DBB-411B-B2FF-F49C4B21FF32}.Debug|Any CPU.Build.0 = Debug|Any CPU
		{7766E116-1DBB-411B-B2FF-F49C4B21FF32}.Release|Any CPU.ActiveCfg = Release|Any CPU
		{7766E116-1DBB-411B-B2FF-F49C4B21FF32}.Release|Any CPU.Build.0 = Release|Any CPU
	EndGlobalSection
	GlobalSection(SolutionProperties) = preSolution
		HideSolutionNode = FALSE
	EndGlobalSection
	GlobalSection(ExtensibilityGlobals) = postSolution
		SolutionGuid = {1AD766E3-E5FF-4300-9614-868B389CEAD9}
	EndGlobalSection
EndGlobal
