
Microsoft Visual Studio Solution File, Format Version 12.00
# Visual Studio Version 17
VisualStudioVersion = 17.3.32819.101
MinimumVisualStudioVersion = 10.0.40219.1
Project("{FAE04EC0-301F-11D3-BF4B-00C04F79EFBC}") = "MVCCore_StateManagement", "MVCCore_StateManagement\MVCCore_StateManagement.csproj", "{F843028E-610A-43B1-A851-5359F556B732}"
EndProject
Global
	GlobalSection(SolutionConfigurationPlatforms) = preSolution
		Debug|Any CPU = Debug|Any CPU
		Release|Any CPU = Release|Any CPU
	EndGlobalSection
	GlobalSection(ProjectConfigurationPlatforms) = postSolution
		{F843028E-610A-43B1-A851-5359F556B732}.Debug|Any CPU.ActiveCfg = Debug|Any CPU
		{F843028E-610A-43B1-A851-5359F556B732}.Debug|Any CPU.Build.0 = Debug|Any CPU
		{F843028E-610A-43B1-A851-5359F556B732}.Release|Any CPU.ActiveCfg = Release|Any CPU
		{F843028E-610A-43B1-A851-5359F556B732}.Release|Any CPU.Build.0 = Release|Any CPU
	EndGlobalSection
	GlobalSection(SolutionProperties) = preSolution
		HideSolutionNode = FALSE
	EndGlobalSection
	GlobalSection(ExtensibilityGlobals) = postSolution
		SolutionGuid = {B80EFA27-B10D-4A39-9858-99BB58BBD75E}
	EndGlobalSection
EndGlobal
